
Microsoft Visual Studio Solution File, Format Version 12.00
# Visual Studio 15
VisualStudioVersion = 15.0.28307.329
MinimumVisualStudioVersion = 10.0.40219.1
Project("{FAE04EC0-301F-11D3-BF4B-00C04F79EFBC}") = "ParallelInvoke", "ParallelInvoke\ParallelInvoke.csproj", "{8A10D618-42E1-4448-8703-58140F6398D1}"
EndProject
Project("{FAE04EC0-301F-11D3-BF4B-00C04F79EFBC}") = "ParallelForEach", "ParallelForEach\ParallelForEach.csproj", "{441C7AAA-0838-4660-8D0D-A7292396E31E}"
EndProject
Project("{FAE04EC0-301F-11D3-BF4B-00C04F79EFBC}") = "ParallelFor", "ParallelFor\ParallelFor.csproj", "{7691DAF5-790E-488D-B9EB-251EB6F4F9B7}"
EndProject
Project("{FAE04EC0-301F-11D3-BF4B-00C04F79EFBC}") = "ParallelLoopState", "ParallelLoopState\ParallelLoopState.csproj", "{FEA70FC6-727D-410F-A1F0-F1C8CDA047DD}"
EndProject
Project("{FAE04EC0-301F-11D3-BF4B-00C04F79EFBC}") = "ParallelLINQ", "ParallelLINQ\ParallelLINQ.csproj", "{27AE9B22-FFE0-498F-B312-EF6EA1ECBF9F}"
EndProject
Project("{FAE04EC0-301F-11D3-BF4B-00C04F79EFBC}") = "Tasks", "Tasks\Tasks.csproj", "{9157119F-A8DE-4DB5-B9D2-5561B7A66AA4}"
EndProject
Project("{FAE04EC0-301F-11D3-BF4B-00C04F79EFBC}") = "TaskWaitAll", "TaskWaitAll\TaskWaitAll.csproj", "{DD464BFF-49D8-4EB4-A4FA-205955781BAA}"
EndProject
Project("{FAE04EC0-301F-11D3-BF4B-00C04F79EFBC}") = "TaskContinuation", "ContinuationTasks\TaskContinuation.csproj", "{F0EF2FB6-35E0-4629-AEF5-3D2C10DD629B}"
EndProject
Project("{FAE04EC0-301F-11D3-BF4B-00C04F79EFBC}") = "TaskChildAttached", "TaskChildAttached\TaskChildAttached.csproj", "{82AC3065-1618-4BE9-ACFB-F29D19181393}"
EndProject
Project("{FAE04EC0-301F-11D3-BF4B-00C04F79EFBC}") = "Threads", "Thread\Threads.csproj", "{A088979B-3C4F-476B-A829-5984949C627F}"
EndProject
Project("{FAE04EC0-301F-11D3-BF4B-00C04F79EFBC}") = "ThreadParameterizedStart", "ThreadParameterizedStart\ThreadParameterizedStart.csproj", "{4CE0E8B5-4C81-4E17-818A-4893D68634C3}"
EndProject
Project("{FAE04EC0-301F-11D3-BF4B-00C04F79EFBC}") = "ThreadAbortOrFlag", "ThreadAbortOrFlag\ThreadAbortOrFlag.csproj", "{21CD1FCC-9461-4F5F-9898-F16D37B3D596}"
EndProject
Project("{FAE04EC0-301F-11D3-BF4B-00C04F79EFBC}") = "ThreadJoin", "ThreadJoin\ThreadJoin.csproj", "{6D1A43B4-EBC0-44F4-A9EC-40BC32656050}"
EndProject
Project("{FAE04EC0-301F-11D3-BF4B-00C04F79EFBC}") = "ThreadLocals", "ThreadLocals\ThreadLocals.csproj", "{0C7A7AE5-7B36-4D56-978F-723C3E8B3CAF}"
EndProject
Project("{FAE04EC0-301F-11D3-BF4B-00C04F79EFBC}") = "ThreadContext", "ThreadContext\ThreadContext.csproj", "{7A7615A2-5775-4003-A256-136C39C83D21}"
EndProject
Project("{FAE04EC0-301F-11D3-BF4B-00C04F79EFBC}") = "ThreadPools", "ThreadPools\ThreadPools.csproj", "{B548EA91-E506-48C4-A6A8-F2EE5D918A10}"
EndProject
Global
	GlobalSection(SolutionConfigurationPlatforms) = preSolution
		Debug|Any CPU = Debug|Any CPU
		Release|Any CPU = Release|Any CPU
	EndGlobalSection
	GlobalSection(ProjectConfigurationPlatforms) = postSolution
		{8A10D618-42E1-4448-8703-58140F6398D1}.Debug|Any CPU.ActiveCfg = Debug|Any CPU
		{8A10D618-42E1-4448-8703-58140F6398D1}.Debug|Any CPU.Build.0 = Debug|Any CPU
		{8A10D618-42E1-4448-8703-58140F6398D1}.Release|Any CPU.ActiveCfg = Release|Any CPU
		{8A10D618-42E1-4448-8703-58140F6398D1}.Release|Any CPU.Build.0 = Release|Any CPU
		{441C7AAA-0838-4660-8D0D-A7292396E31E}.Debug|Any CPU.ActiveCfg = Debug|Any CPU
		{441C7AAA-0838-4660-8D0D-A7292396E31E}.Debug|Any CPU.Build.0 = Debug|Any CPU
		{441C7AAA-0838-4660-8D0D-A7292396E31E}.Release|Any CPU.ActiveCfg = Release|Any CPU
		{441C7AAA-0838-4660-8D0D-A7292396E31E}.Release|Any CPU.Build.0 = Release|Any CPU
		{7691DAF5-790E-488D-B9EB-251EB6F4F9B7}.Debug|Any CPU.ActiveCfg = Debug|Any CPU
		{7691DAF5-790E-488D-B9EB-251EB6F4F9B7}.Debug|Any CPU.Build.0 = Debug|Any CPU
		{7691DAF5-790E-488D-B9EB-251EB6F4F9B7}.Release|Any CPU.ActiveCfg = Release|Any CPU
		{7691DAF5-790E-488D-B9EB-251EB6F4F9B7}.Release|Any CPU.Build.0 = Release|Any CPU
		{FEA70FC6-727D-410F-A1F0-F1C8CDA047DD}.Debug|Any CPU.ActiveCfg = Debug|Any CPU
		{FEA70FC6-727D-410F-A1F0-F1C8CDA047DD}.Debug|Any CPU.Build.0 = Debug|Any CPU
		{FEA70FC6-727D-410F-A1F0-F1C8CDA047DD}.Release|Any CPU.ActiveCfg = Release|Any CPU
		{FEA70FC6-727D-410F-A1F0-F1C8CDA047DD}.Release|Any CPU.Build.0 = Release|Any CPU
		{27AE9B22-FFE0-498F-B312-EF6EA1ECBF9F}.Debug|Any CPU.ActiveCfg = Debug|Any CPU
		{27AE9B22-FFE0-498F-B312-EF6EA1ECBF9F}.Debug|Any CPU.Build.0 = Debug|Any CPU
		{27AE9B22-FFE0-498F-B312-EF6EA1ECBF9F}.Release|Any CPU.ActiveCfg = Release|Any CPU
		{27AE9B22-FFE0-498F-B312-EF6EA1ECBF9F}.Release|Any CPU.Build.0 = Release|Any CPU
		{9157119F-A8DE-4DB5-B9D2-5561B7A66AA4}.Debug|Any CPU.ActiveCfg = Debug|Any CPU
		{9157119F-A8DE-4DB5-B9D2-5561B7A66AA4}.Debug|Any CPU.Build.0 = Debug|Any CPU
		{9157119F-A8DE-4DB5-B9D2-5561B7A66AA4}.Release|Any CPU.ActiveCfg = Release|Any CPU
		{9157119F-A8DE-4DB5-B9D2-5561B7A66AA4}.Release|Any CPU.Build.0 = Release|Any CPU
		{DD464BFF-49D8-4EB4-A4FA-205955781BAA}.Debug|Any CPU.ActiveCfg = Debug|Any CPU
		{DD464BFF-49D8-4EB4-A4FA-205955781BAA}.Debug|Any CPU.Build.0 = Debug|Any CPU
		{DD464BFF-49D8-4EB4-A4FA-205955781BAA}.Release|Any CPU.ActiveCfg = Release|Any CPU
		{DD464BFF-49D8-4EB4-A4FA-205955781BAA}.Release|Any CPU.Build.0 = Release|Any CPU
		{F0EF2FB6-35E0-4629-AEF5-3D2C10DD629B}.Debug|Any CPU.ActiveCfg = Debug|Any CPU
		{F0EF2FB6-35E0-4629-AEF5-3D2C10DD629B}.Debug|Any CPU.Build.0 = Debug|Any CPU
		{F0EF2FB6-35E0-4629-AEF5-3D2C10DD629B}.Release|Any CPU.ActiveCfg = Release|Any CPU
		{F0EF2FB6-35E0-4629-AEF5-3D2C10DD629B}.Release|Any CPU.Build.0 = Release|Any CPU
		{82AC3065-1618-4BE9-ACFB-F29D19181393}.Debug|Any CPU.ActiveCfg = Debug|Any CPU
		{82AC3065-1618-4BE9-ACFB-F29D19181393}.Debug|Any CPU.Build.0 = Debug|Any CPU
		{82AC3065-1618-4BE9-ACFB-F29D19181393}.Release|Any CPU.ActiveCfg = Release|Any CPU
		{82AC3065-1618-4BE9-ACFB-F29D19181393}.Release|Any CPU.Build.0 = Release|Any CPU
		{A088979B-3C4F-476B-A829-5984949C627F}.Debug|Any CPU.ActiveCfg = Debug|Any CPU
		{A088979B-3C4F-476B-A829-5984949C627F}.Debug|Any CPU.Build.0 = Debug|Any CPU
		{A088979B-3C4F-476B-A829-5984949C627F}.Release|Any CPU.ActiveCfg = Release|Any CPU
		{A088979B-3C4F-476B-A829-5984949C627F}.Release|Any CPU.Build.0 = Release|Any CPU
		{4CE0E8B5-4C81-4E17-818A-4893D68634C3}.Debug|Any CPU.ActiveCfg = Debug|Any CPU
		{4CE0E8B5-4C81-4E17-818A-4893D68634C3}.Debug|Any CPU.Build.0 = Debug|Any CPU
		{4CE0E8B5-4C81-4E17-818A-4893D68634C3}.Release|Any CPU.ActiveCfg = Release|Any CPU
		{4CE0E8B5-4C81-4E17-818A-4893D68634C3}.Release|Any CPU.Build.0 = Release|Any CPU
		{21CD1FCC-9461-4F5F-9898-F16D37B3D596}.Debug|Any CPU.ActiveCfg = Debug|Any CPU
		{21CD1FCC-9461-4F5F-9898-F16D37B3D596}.Debug|Any CPU.Build.0 = Debug|Any CPU
		{21CD1FCC-9461-4F5F-9898-F16D37B3D596}.Release|Any CPU.ActiveCfg = Release|Any CPU
		{21CD1FCC-9461-4F5F-9898-F16D37B3D596}.Release|Any CPU.Build.0 = Release|Any CPU
		{6D1A43B4-EBC0-44F4-A9EC-40BC32656050}.Debug|Any CPU.ActiveCfg = Debug|Any CPU
		{6D1A43B4-EBC0-44F4-A9EC-40BC32656050}.Debug|Any CPU.Build.0 = Debug|Any CPU
		{6D1A43B4-EBC0-44F4-A9EC-40BC32656050}.Release|Any CPU.ActiveCfg = Release|Any CPU
		{6D1A43B4-EBC0-44F4-A9EC-40BC32656050}.Release|Any CPU.Build.0 = Release|Any CPU
		{0C7A7AE5-7B36-4D56-978F-723C3E8B3CAF}.Debug|Any CPU.ActiveCfg = Debug|Any CPU
		{0C7A7AE5-7B36-4D56-978F-723C3E8B3CAF}.Debug|Any CPU.Build.0 = Debug|Any CPU
		{0C7A7AE5-7B36-4D56-978F-723C3E8B3CAF}.Release|Any CPU.ActiveCfg = Release|Any CPU
		{0C7A7AE5-7B36-4D56-978F-723C3E8B3CAF}.Release|Any CPU.Build.0 = Release|Any CPU
		{7A7615A2-5775-4003-A256-136C39C83D21}.Debug|Any CPU.ActiveCfg = Debug|Any CPU
		{7A7615A2-5775-4003-A256-136C39C83D21}.Debug|Any CPU.Build.0 = Debug|Any CPU
		{7A7615A2-5775-4003-A256-136C39C83D21}.Release|Any CPU.ActiveCfg = Release|Any CPU
		{7A7615A2-5775-4003-A256-136C39C83D21}.Release|Any CPU.Build.0 = Release|Any CPU
		{B548EA91-E506-48C4-A6A8-F2EE5D918A10}.Debug|Any CPU.ActiveCfg = Debug|Any CPU
		{B548EA91-E506-48C4-A6A8-F2EE5D918A10}.Debug|Any CPU.Build.0 = Debug|Any CPU
		{B548EA91-E506-48C4-A6A8-F2EE5D918A10}.Release|Any CPU.ActiveCfg = Release|Any CPU
		{B548EA91-E506-48C4-A6A8-F2EE5D918A10}.Release|Any CPU.Build.0 = Release|Any CPU
	EndGlobalSection
	GlobalSection(SolutionProperties) = preSolution
		HideSolutionNode = FALSE
	EndGlobalSection
	GlobalSection(ExtensibilityGlobals) = postSolution
		SolutionGuid = {6E6FAC99-71B9-43DD-BAD9-5A472B6E38D0}
	EndGlobalSection
EndGlobal
